// !$*UTF8*$!
{
	archiveVersion = 1;
	classes = {
	};
	objectVersion = 48;
	objects = {

/* Begin PBXBuildFile section */
		EB41F61920543D66007FD855 /* ProxyAp.swift in Sources */ = {isa = PBXBuildFile; fileRef = EB87AF4220542837001CC60D /* ProxyAp.swift */; };
		EB41F61A20543E84007FD855 /* ProxyLib.swift in Sources */ = {isa = PBXBuildFile; fileRef = EB87AF3F20542392001CC60D /* ProxyLib.swift */; };
		EB87AF1620541BE2001CC60D /* main.swift in Sources */ = {isa = PBXBuildFile; fileRef = EB87AF1520541BE2001CC60D /* main.swift */; };
		EB87AF2320541BF7001CC60D /* singleton_test.swift in Sources */ = {isa = PBXBuildFile; fileRef = EB87AF2220541BF7001CC60D /* singleton_test.swift */; };
		EB87AF2A20541C28001CC60D /* NetworkSettings.swift in Sources */ = {isa = PBXBuildFile; fileRef = EB87AF2920541C28001CC60D /* NetworkSettings.swift */; };
		EB87AF2E20541DB3001CC60D /* NetworkSettings.swift in Sources */ = {isa = PBXBuildFile; fileRef = EB87AF2920541C28001CC60D /* NetworkSettings.swift */; };
		EB87AF302054207A001CC60D /* SingletonDemo.swift in Sources */ = {isa = PBXBuildFile; fileRef = EB87AF2F2054207A001CC60D /* SingletonDemo.swift */; };
		EB87AF4020542392001CC60D /* ProxyLib.swift in Sources */ = {isa = PBXBuildFile; fileRef = EB87AF3F20542392001CC60D /* ProxyLib.swift */; };
		EB87AF4320542837001CC60D /* ProxyAp.swift in Sources */ = {isa = PBXBuildFile; fileRef = EB87AF4220542837001CC60D /* ProxyAp.swift */; };
		EB87AF5920542900001CC60D /* main-obs.swift in Sources */ = {isa = PBXBuildFile; fileRef = EB87AF5820542900001CC60D /* main-obs.swift */; };
		EB87AF5D2054295B001CC60D /* main-obs.swift in Sources */ = {isa = PBXBuildFile; fileRef = EB87AF5820542900001CC60D /* main-obs.swift */; };
/* End PBXBuildFile section */

/* Begin PBXCopyFilesBuildPhase section */
		EB87AF1020541BE2001CC60D /* CopyFiles */ = {
			isa = PBXCopyFilesBuildPhase;
			buildActionMask = 2147483647;
			dstPath = /usr/share/man/man1/;
			dstSubfolderSpec = 0;
			files = (
			);
			runOnlyForDeploymentPostprocessing = 1;
		};
		EB87AF3620542338001CC60D /* CopyFiles */ = {
			isa = PBXCopyFilesBuildPhase;
			buildActionMask = 2147483647;
			dstPath = /usr/share/man/man1/;
			dstSubfolderSpec = 0;
			files = (
			);
			runOnlyForDeploymentPostprocessing = 1;
		};
		EB87AF5420542900001CC60D /* CopyFiles */ = {
			isa = PBXCopyFilesBuildPhase;
			buildActionMask = 2147483647;
			dstPath = /usr/share/man/man1/;
			dstSubfolderSpec = 0;
			files = (
			);
			runOnlyForDeploymentPostprocessing = 1;
		};
/* End PBXCopyFilesBuildPhase section */

/* Begin PBXFileReference section */
		EB87AF1220541BE2001CC60D /* patterns */ = {isa = PBXFileReference; explicitFileType = "compiled.mach-o.executable"; includeInIndex = 0; path = patterns; sourceTree = BUILT_PRODUCTS_DIR; };
		EB87AF1520541BE2001CC60D /* main.swift */ = {isa = PBXFileReference; lastKnownFileType = sourcecode.swift; path = main.swift; sourceTree = "<group>"; };
		EB87AF2020541BF7001CC60D /* patterns-test.xctest */ = {isa = PBXFileReference; explicitFileType = wrapper.cfbundle; includeInIndex = 0; path = "patterns-test.xctest"; sourceTree = BUILT_PRODUCTS_DIR; };
		EB87AF2220541BF7001CC60D /* singleton_test.swift */ = {isa = PBXFileReference; lastKnownFileType = sourcecode.swift; path = singleton_test.swift; sourceTree = "<group>"; };
		EB87AF2420541BF7001CC60D /* Info.plist */ = {isa = PBXFileReference; lastKnownFileType = text.plist.xml; path = Info.plist; sourceTree = "<group>"; };
		EB87AF2920541C28001CC60D /* NetworkSettings.swift */ = {isa = PBXFileReference; lastKnownFileType = sourcecode.swift; path = NetworkSettings.swift; sourceTree = "<group>"; };
		EB87AF2F2054207A001CC60D /* SingletonDemo.swift */ = {isa = PBXFileReference; lastKnownFileType = sourcecode.swift; path = SingletonDemo.swift; sourceTree = "<group>"; };
		EB87AF3820542338001CC60D /* proxy-pattern */ = {isa = PBXFileReference; explicitFileType = "compiled.mach-o.executable"; includeInIndex = 0; path = "proxy-pattern"; sourceTree = BUILT_PRODUCTS_DIR; };
		EB87AF3F20542392001CC60D /* ProxyLib.swift */ = {isa = PBXFileReference; lastKnownFileType = sourcecode.swift; path = ProxyLib.swift; sourceTree = "<group>"; };
		EB87AF4220542837001CC60D /* ProxyAp.swift */ = {isa = PBXFileReference; lastKnownFileType = sourcecode.swift; path = ProxyAp.swift; sourceTree = "<group>"; };
		EB87AF49205428B2001CC60D /* libObserver.dylib */ = {isa = PBXFileReference; explicitFileType = "compiled.mach-o.dylib"; includeInIndex = 0; path = libObserver.dylib; sourceTree = BUILT_PRODUCTS_DIR; };
		EB87AF5620542900001CC60D /* observer-pattern */ = {isa = PBXFileReference; explicitFileType = "compiled.mach-o.executable"; includeInIndex = 0; path = "observer-pattern"; sourceTree = BUILT_PRODUCTS_DIR; };
		EB87AF5820542900001CC60D /* main-obs.swift */ = {isa = PBXFileReference; lastKnownFileType = sourcecode.swift; path = "main-obs.swift"; sourceTree = "<group>"; };
/* End PBXFileReference section */

/* Begin PBXFrameworksBuildPhase section */
		EB87AF0F20541BE2001CC60D /* Frameworks */ = {
			isa = PBXFrameworksBuildPhase;
			buildActionMask = 2147483647;
			files = (
			);
			runOnlyForDeploymentPostprocessing = 0;
		};
		EB87AF1D20541BF7001CC60D /* Frameworks */ = {
			isa = PBXFrameworksBuildPhase;
			buildActionMask = 2147483647;
			files = (
			);
			runOnlyForDeploymentPostprocessing = 0;
		};
		EB87AF3520542338001CC60D /* Frameworks */ = {
			isa = PBXFrameworksBuildPhase;
			buildActionMask = 2147483647;
			files = (
			);
			runOnlyForDeploymentPostprocessing = 0;
		};
		EB87AF46205428B2001CC60D /* Frameworks */ = {
			isa = PBXFrameworksBuildPhase;
			buildActionMask = 2147483647;
			files = (
			);
			runOnlyForDeploymentPostprocessing = 0;
		};
		EB87AF5320542900001CC60D /* Frameworks */ = {
			isa = PBXFrameworksBuildPhase;
			buildActionMask = 2147483647;
			files = (
			);
			runOnlyForDeploymentPostprocessing = 0;
		};
/* End PBXFrameworksBuildPhase section */

/* Begin PBXGroup section */
		EB87AF0920541BE2001CC60D = {
			isa = PBXGroup;
			children = (
				EB87AF1420541BE2001CC60D /* patterns */,
				EB87AF2120541BF7001CC60D /* patterns-test */,
				EB87AF3920542338001CC60D /* proxy-pattern */,
				EB87AF5720542900001CC60D /* observer-pattern */,
				EB87AF1320541BE2001CC60D /* Products */,
			);
			sourceTree = "<group>";
		};
		EB87AF1320541BE2001CC60D /* Products */ = {
			isa = PBXGroup;
			children = (
				EB87AF1220541BE2001CC60D /* patterns */,
				EB87AF2020541BF7001CC60D /* patterns-test.xctest */,
				EB87AF3820542338001CC60D /* proxy-pattern */,
				EB87AF49205428B2001CC60D /* libObserver.dylib */,
				EB87AF5620542900001CC60D /* observer-pattern */,
			);
			name = Products;
			sourceTree = "<group>";
		};
		EB87AF1420541BE2001CC60D /* patterns */ = {
			isa = PBXGroup;
			children = (
				EB87AF2820541C09001CC60D /* Singleton */,
				EB87AF1520541BE2001CC60D /* main.swift */,
			);
			path = patterns;
			sourceTree = "<group>";
		};
		EB87AF2120541BF7001CC60D /* patterns-test */ = {
			isa = PBXGroup;
			children = (
				EB87AF2220541BF7001CC60D /* singleton_test.swift */,
				EB87AF2420541BF7001CC60D /* Info.plist */,
			);
			path = "patterns-test";
			sourceTree = "<group>";
		};
		EB87AF2820541C09001CC60D /* Singleton */ = {
			isa = PBXGroup;
			children = (
				EB87AF2920541C28001CC60D /* NetworkSettings.swift */,
				EB87AF2F2054207A001CC60D /* SingletonDemo.swift */,
			);
			path = Singleton;
			sourceTree = "<group>";
		};
		EB87AF3920542338001CC60D /* proxy-pattern */ = {
			isa = PBXGroup;
			children = (
				EB87AF4220542837001CC60D /* ProxyAp.swift */,
				EB87AF3F20542392001CC60D /* ProxyLib.swift */,
			);
			path = "proxy-pattern";
			sourceTree = "<group>";
		};
		EB87AF5720542900001CC60D /* observer-pattern */ = {
			isa = PBXGroup;
			children = (
				EB87AF5820542900001CC60D /* main-obs.swift */,
			);
			path = "observer-pattern";
			sourceTree = "<group>";
		};
/* End PBXGroup section */

/* Begin PBXHeadersBuildPhase section */
		EB87AF47205428B2001CC60D /* Headers */ = {
			isa = PBXHeadersBuildPhase;
			buildActionMask = 2147483647;
			files = (
			);
			runOnlyForDeploymentPostprocessing = 0;
		};
/* End PBXHeadersBuildPhase section */

/* Begin PBXNativeTarget section */
		EB87AF1120541BE2001CC60D /* patterns */ = {
			isa = PBXNativeTarget;
			buildConfigurationList = EB87AF1920541BE2001CC60D /* Build configuration list for PBXNativeTarget "patterns" */;
			buildPhases = (
				EB87AF0E20541BE2001CC60D /* Sources */,
				EB87AF0F20541BE2001CC60D /* Frameworks */,
				EB87AF1020541BE2001CC60D /* CopyFiles */,
			);
			buildRules = (
			);
			dependencies = (
			);
			name = patterns;
			productName = patterns;
			productReference = EB87AF1220541BE2001CC60D /* patterns */;
			productType = "com.apple.product-type.tool";
		};
		EB87AF1F20541BF7001CC60D /* patterns-test */ = {
			isa = PBXNativeTarget;
			buildConfigurationList = EB87AF2520541BF7001CC60D /* Build configuration list for PBXNativeTarget "patterns-test" */;
			buildPhases = (
				EB87AF1C20541BF7001CC60D /* Sources */,
				EB87AF1D20541BF7001CC60D /* Frameworks */,
				EB87AF1E20541BF7001CC60D /* Resources */,
			);
			buildRules = (
			);
			dependencies = (
			);
			name = "patterns-test";
			productName = "patterns-test";
			productReference = EB87AF2020541BF7001CC60D /* patterns-test.xctest */;
			productType = "com.apple.product-type.bundle.unit-test";
		};
		EB87AF3720542338001CC60D /* proxy-pattern */ = {
			isa = PBXNativeTarget;
			buildConfigurationList = EB87AF3C20542338001CC60D /* Build configuration list for PBXNativeTarget "proxy-pattern" */;
			buildPhases = (
				EB87AF3420542338001CC60D /* Sources */,
				EB87AF3520542338001CC60D /* Frameworks */,
				EB87AF3620542338001CC60D /* CopyFiles */,
			);
			buildRules = (
			);
			dependencies = (
			);
			name = "proxy-pattern";
			productName = "proxy-pattern";
			productReference = EB87AF3820542338001CC60D /* proxy-pattern */;
			productType = "com.apple.product-type.tool";
		};
		EB87AF48205428B2001CC60D /* Observer */ = {
			isa = PBXNativeTarget;
			buildConfigurationList = EB87AF4F205428B2001CC60D /* Build configuration list for PBXNativeTarget "Observer" */;
			buildPhases = (
				EB87AF45205428B2001CC60D /* Sources */,
				EB87AF46205428B2001CC60D /* Frameworks */,
				EB87AF47205428B2001CC60D /* Headers */,
			);
			buildRules = (
			);
			dependencies = (
			);
			name = Observer;
			productName = Observer;
			productReference = EB87AF49205428B2001CC60D /* libObserver.dylib */;
			productType = "com.apple.product-type.library.dynamic";
		};
		EB87AF5520542900001CC60D /* observer-pattern */ = {
			isa = PBXNativeTarget;
			buildConfigurationList = EB87AF5A20542900001CC60D /* Build configuration list for PBXNativeTarget "observer-pattern" */;
			buildPhases = (
				EB87AF5220542900001CC60D /* Sources */,
				EB87AF5320542900001CC60D /* Frameworks */,
				EB87AF5420542900001CC60D /* CopyFiles */,
			);
			buildRules = (
			);
			dependencies = (
			);
			name = "observer-pattern";
			productName = "observer-pattern";
			productReference = EB87AF5620542900001CC60D /* observer-pattern */;
			productType = "com.apple.product-type.tool";
		};
/* End PBXNativeTarget section */

/* Begin PBXProject section */
		EB87AF0A20541BE2001CC60D /* Project object */ = {
			isa = PBXProject;
			attributes = {
				LastSwiftUpdateCheck = 0920;
				LastUpgradeCheck = 0920;
				ORGANIZATIONNAME = "Rom Dr";
				TargetAttributes = {
					EB87AF1120541BE2001CC60D = {
						CreatedOnToolsVersion = 9.2;
						ProvisioningStyle = Automatic;
					};
					EB87AF1F20541BF7001CC60D = {
						CreatedOnToolsVersion = 9.2;
						ProvisioningStyle = Automatic;
					};
					EB87AF3720542338001CC60D = {
						CreatedOnToolsVersion = 9.2;
						ProvisioningStyle = Automatic;
					};
					EB87AF48205428B2001CC60D = {
						CreatedOnToolsVersion = 9.2;
						ProvisioningStyle = Automatic;
					};
					EB87AF5520542900001CC60D = {
						CreatedOnToolsVersion = 9.2;
						ProvisioningStyle = Automatic;
					};
				};
			};
			buildConfigurationList = EB87AF0D20541BE2001CC60D /* Build configuration list for PBXProject "patterns" */;
			compatibilityVersion = "Xcode 8.0";
			developmentRegion = en;
			hasScannedForEncodings = 0;
			knownRegions = (
				en,
			);
			mainGroup = EB87AF0920541BE2001CC60D;
			productRefGroup = EB87AF1320541BE2001CC60D /* Products */;
			projectDirPath = "";
			projectRoot = "";
			targets = (
				EB87AF1120541BE2001CC60D /* patterns */,
				EB87AF1F20541BF7001CC60D /* patterns-test */,
				EB87AF3720542338001CC60D /* proxy-pattern */,
				EB87AF48205428B2001CC60D /* Observer */,
				EB87AF5520542900001CC60D /* observer-pattern */,
			);
		};
/* End PBXProject section */

/* Begin PBXResourcesBuildPhase section */
		EB87AF1E20541BF7001CC60D /* Resources */ = {
			isa = PBXResourcesBuildPhase;
			buildActionMask = 2147483647;
			files = (
			);
			runOnlyForDeploymentPostprocessing = 0;
		};
/* End PBXResourcesBuildPhase section */

/* Begin PBXSourcesBuildPhase section */
		EB87AF0E20541BE2001CC60D /* Sources */ = {
			isa = PBXSourcesBuildPhase;
			buildActionMask = 2147483647;
			files = (
				EB87AF1620541BE2001CC60D /* main.swift in Sources */,
				EB87AF302054207A001CC60D /* SingletonDemo.swift in Sources */,
				EB87AF2A20541C28001CC60D /* NetworkSettings.swift in Sources */,
				EB41F61920543D66007FD855 /* ProxyAp.swift in Sources */,
				EB41F61A20543E84007FD855 /* ProxyLib.swift in Sources */,
				EB87AF5D2054295B001CC60D /* main-obs.swift in Sources */,
			);
			runOnlyForDeploymentPostprocessing = 0;
		};
		EB87AF1C20541BF7001CC60D /* Sources */ = {
			isa = PBXSourcesBuildPhase;
			buildActionMask = 2147483647;
			files = (
				EB87AF2320541BF7001CC60D /* singleton_test.swift in Sources */,
				EB87AF2E20541DB3001CC60D /* NetworkSettings.swift in Sources */,
			);
			runOnlyForDeploymentPostprocessing = 0;
		};
		EB87AF3420542338001CC60D /* Sources */ = {
			isa = PBXSourcesBuildPhase;
			buildActionMask = 2147483647;
			files = (
				EB87AF4020542392001CC60D /* ProxyLib.swift in Sources */,
				EB87AF4320542837001CC60D /* ProxyAp.swift in Sources */,
			);
			runOnlyForDeploymentPostprocessing = 0;
		};
		EB87AF45205428B2001CC60D /* Sources */ = {
			isa = PBXSourcesBuildPhase;
			buildActionMask = 2147483647;
			files = (
			);
			runOnlyForDeploymentPostprocessing = 0;
		};
		EB87AF5220542900001CC60D /* Sources */ = {
			isa = PBXSourcesBuildPhase;
			buildActionMask = 2147483647;
			files = (
				EB87AF5920542900001CC60D /* main-obs.swift in Sources */,
			);
			runOnlyForDeploymentPostprocessing = 0;
		};
/* End PBXSourcesBuildPhase section */

/* Begin XCBuildConfiguration section */
		EB87AF1720541BE2001CC60D /* Debug */ = {
			isa = XCBuildConfiguration;
			buildSettings = {
				ALWAYS_SEARCH_USER_PATHS = NO;
				CLANG_ANALYZER_NONNULL = YES;
				CLANG_ANALYZER_NUMBER_OBJECT_CONVERSION = YES_AGGRESSIVE;
				CLANG_CXX_LANGUAGE_STANDARD = "gnu++14";
				CLANG_CXX_LIBRARY = "libc++";
				CLANG_ENABLE_MODULES = YES;
				CLANG_ENABLE_OBJC_ARC = YES;
				CLANG_WARN_BLOCK_CAPTURE_AUTORELEASING = YES;
				CLANG_WARN_BOOL_CONVERSION = YES;
				CLANG_WARN_COMMA = YES;
				CLANG_WARN_CONSTANT_CONVERSION = YES;
				CLANG_WARN_DIRECT_OBJC_ISA_USAGE = YES_ERROR;
				CLANG_WARN_DOCUMENTATION_COMMENTS = YES;
				CLANG_WARN_EMPTY_BODY = YES;
				CLANG_WARN_ENUM_CONVERSION = YES;
				CLANG_WARN_INFINITE_RECURSION = YES;
				CLANG_WARN_INT_CONVERSION = YES;
				CLANG_WARN_NON_LITERAL_NULL_CONVERSION = YES;
				CLANG_WARN_OBJC_LITERAL_CONVERSION = YES;
				CLANG_WARN_OBJC_ROOT_CLASS = YES_ERROR;
				CLANG_WARN_RANGE_LOOP_ANALYSIS = YES;
				CLANG_WARN_STRICT_PROTOTYPES = YES;
				CLANG_WARN_SUSPICIOUS_MOVE = YES;
				CLANG_WARN_UNGUARDED_AVAILABILITY = YES_AGGRESSIVE;
				CLANG_WARN_UNREACHABLE_CODE = YES;
				CLANG_WARN__DUPLICATE_METHOD_MATCH = YES;
				CODE_SIGN_IDENTITY = "-";
				COPY_PHASE_STRIP = NO;
				DEBUG_INFORMATION_FORMAT = dwarf;
				ENABLE_STRICT_OBJC_MSGSEND = YES;
				ENABLE_TESTABILITY = YES;
				GCC_C_LANGUAGE_STANDARD = gnu11;
				GCC_DYNAMIC_NO_PIC = NO;
				GCC_NO_COMMON_BLOCKS = YES;
				GCC_OPTIMIZATION_LEVEL = 0;
				GCC_PREPROCESSOR_DEFINITIONS = (
					"DEBUG=1",
					"$(inherited)",
				);
				GCC_WARN_64_TO_32_BIT_CONVERSION = YES;
				GCC_WARN_ABOUT_RETURN_TYPE = YES_ERROR;
				GCC_WARN_UNDECLARED_SELECTOR = YES;
				GCC_WARN_UNINITIALIZED_AUTOS = YES_AGGRESSIVE;
				GCC_WARN_UNUSED_FUNCTION = YES;
				GCC_WARN_UNUSED_VARIABLE = YES;
				MACOSX_DEPLOYMENT_TARGET = 10.13;
				MTL_ENABLE_DEBUG_INFO = YES;
				ONLY_ACTIVE_ARCH = YES;
				SDKROOT = macosx;
				SWIFT_ACTIVE_COMPILATION_CONDITIONS = DEBUG;
				SWIFT_OPTIMIZATION_LEVEL = "-Onone";
			};
			name = Debug;
		};
		EB87AF1820541BE2001CC60D /* Release */ = {
			isa = XCBuildConfiguration;
			buildSettings = {
				ALWAYS_SEARCH_USER_PATHS = NO;
				CLANG_ANALYZER_NONNULL = YES;
				CLANG_ANALYZER_NUMBER_OBJECT_CONVERSION = YES_AGGRESSIVE;
				CLANG_CXX_LANGUAGE_STANDARD = "gnu++14";
				CLANG_CXX_LIBRARY = "libc++";
				CLANG_ENABLE_MODULES = YES;
				CLANG_ENABLE_OBJC_ARC = YES;
				CLANG_WARN_BLOCK_CAPTURE_AUTORELEASING = YES;
				CLANG_WARN_BOOL_CONVERSION = YES;
				CLANG_WARN_COMMA = YES;
				CLANG_WARN_CONSTANT_CONVERSION = YES;
				CLANG_WARN_DIRECT_OBJC_ISA_USAGE = YES_ERROR;
				CLANG_WARN_DOCUMENTATION_COMMENTS = YES;
				CLANG_WARN_EMPTY_BODY = YES;
				CLANG_WARN_ENUM_CONVERSION = YES;
				CLANG_WARN_INFINITE_RECURSION = YES;
				CLANG_WARN_INT_CONVERSION = YES;
				CLANG_WARN_NON_LITERAL_NULL_CONVERSION = YES;
				CLANG_WARN_OBJC_LITERAL_CONVERSION = YES;
				CLANG_WARN_OBJC_ROOT_CLASS = YES_ERROR;
				CLANG_WARN_RANGE_LOOP_ANALYSIS = YES;
				CLANG_WARN_STRICT_PROTOTYPES = YES;
				CLANG_WARN_SUSPICIOUS_MOVE = YES;
				CLANG_WARN_UNGUARDED_AVAILABILITY = YES_AGGRESSIVE;
				CLANG_WARN_UNREACHABLE_CODE = YES;
				CLANG_WARN__DUPLICATE_METHOD_MATCH = YES;
				CODE_SIGN_IDENTITY = "-";
				COPY_PHASE_STRIP = NO;
				DEBUG_INFORMATION_FORMAT = "dwarf-with-dsym";
				ENABLE_NS_ASSERTIONS = NO;
				ENABLE_STRICT_OBJC_MSGSEND = YES;
				GCC_C_LANGUAGE_STANDARD = gnu11;
				GCC_NO_COMMON_BLOCKS = YES;
				GCC_WARN_64_TO_32_BIT_CONVERSION = YES;
				GCC_WARN_ABOUT_RETURN_TYPE = YES_ERROR;
				GCC_WARN_UNDECLARED_SELECTOR = YES;
				GCC_WARN_UNINITIALIZED_AUTOS = YES_AGGRESSIVE;
				GCC_WARN_UNUSED_FUNCTION = YES;
				GCC_WARN_UNUSED_VARIABLE = YES;
				MACOSX_DEPLOYMENT_TARGET = 10.13;
				MTL_ENABLE_DEBUG_INFO = NO;
				SDKROOT = macosx;
				SWIFT_OPTIMIZATION_LEVEL = "-Owholemodule";
			};
			name = Release;
		};
		EB87AF1A20541BE2001CC60D /* Debug */ = {
			isa = XCBuildConfiguration;
			buildSettings = {
				CODE_SIGN_STYLE = Automatic;
				PRODUCT_NAME = "$(TARGET_NAME)";
				SWIFT_VERSION = 4.0;
			};
			name = Debug;
		};
		EB87AF1B20541BE2001CC60D /* Release */ = {
			isa = XCBuildConfiguration;
			buildSettings = {
				CODE_SIGN_STYLE = Automatic;
				PRODUCT_NAME = "$(TARGET_NAME)";
				SWIFT_VERSION = 4.0;
			};
			name = Release;
		};
		EB87AF2620541BF7001CC60D /* Debug */ = {
			isa = XCBuildConfiguration;
			buildSettings = {
				CODE_SIGN_STYLE = Automatic;
				COMBINE_HIDPI_IMAGES = YES;
				INFOPLIST_FILE = "patterns-test/Info.plist";
				LD_RUNPATH_SEARCH_PATHS = "$(inherited) @executable_path/../Frameworks @loader_path/../Frameworks";
				PRODUCT_BUNDLE_IDENTIFIER = "edu.vsu.patterns-test";
				PRODUCT_NAME = "$(TARGET_NAME)";
				SWIFT_VERSION = 4.0;
			};
			name = Debug;
		};
		EB87AF2720541BF7001CC60D /* Release */ = {
			isa = XCBuildConfiguration;
			buildSettings = {
				CODE_SIGN_STYLE = Automatic;
				COMBINE_HIDPI_IMAGES = YES;
				INFOPLIST_FILE = "patterns-test/Info.plist";
				LD_RUNPATH_SEARCH_PATHS = "$(inherited) @executable_path/../Frameworks @loader_path/../Frameworks";
				PRODUCT_BUNDLE_IDENTIFIER = "edu.vsu.patterns-test";
				PRODUCT_NAME = "$(TARGET_NAME)";
				SWIFT_VERSION = 4.0;
			};
			name = Release;
		};
		EB87AF3D20542338001CC60D /* Debug */ = {
			isa = XCBuildConfiguration;
			buildSettings = {
				CODE_SIGN_STYLE = Automatic;
				PRODUCT_NAME = "$(TARGET_NAME)";
				SWIFT_VERSION = 4.0;
			};
			name = Debug;
		};
		EB87AF3E20542338001CC60D /* Release */ = {
			isa = XCBuildConfiguration;
			buildSettings = {
				CODE_SIGN_STYLE = Automatic;
				PRODUCT_NAME = "$(TARGET_NAME)";
				SWIFT_VERSION = 4.0;
			};
			name = Release;
		};
		EB87AF50205428B2001CC60D /* Debug */ = {
			isa = XCBuildConfiguration;
			buildSettings = {
				CODE_SIGN_STYLE = Automatic;
				DYLIB_COMPATIBILITY_VERSION = 1;
				DYLIB_CURRENT_VERSION = 1;
				EXECUTABLE_PREFIX = lib;
				PRODUCT_NAME = "$(TARGET_NAME)";
			};
			name = Debug;
		};
		EB87AF51205428B2001CC60D /* Release */ = {
			isa = XCBuildConfiguration;
			buildSettings = {
				CODE_SIGN_STYLE = Automatic;
				DYLIB_COMPATIBILITY_VERSION = 1;
				DYLIB_CURRENT_VERSION = 1;
				EXECUTABLE_PREFIX = lib;
				PRODUCT_NAME = "$(TARGET_NAME)";
			};
			name = Release;
		};
		EB87AF5B20542900001CC60D /* Debug */ = {
			isa = XCBuildConfiguration;
			buildSettings = {
				CODE_SIGN_STYLE = Automatic;
				PRODUCT_NAME = "$(TARGET_NAME)";
				SWIFT_VERSION = 4.0;
			};
			name = Debug;
		};
		EB87AF5C20542900001CC60D /* Release */ = {
			isa = XCBuildConfiguration;
			buildSettings = {
				CODE_SIGN_STYLE = Automatic;
				PRODUCT_NAME = "$(TARGET_NAME)";
				SWIFT_VERSION = 4.0;
			};
			name = Release;
		};
/* End XCBuildConfiguration section */

/* Begin XCConfigurationList section */
		EB87AF0D20541BE2001CC60D /* Build configuration list for PBXProject "patterns" */ = {
			isa = XCConfigurationList;
			buildConfigurations = (
				EB87AF1720541BE2001CC60D /* Debug */,
				EB87AF1820541BE2001CC60D /* Release */,
			);
			defaultConfigurationIsVisible = 0;
			defaultConfigurationName = Release;
		};
		EB87AF1920541BE2001CC60D /* Build configuration list for PBXNativeTarget "patterns" */ = {
			isa = XCConfigurationList;
			buildConfigurations = (
				EB87AF1A20541BE2001CC60D /* Debug */,
				EB87AF1B20541BE2001CC60D /* Release */,
			);
			defaultConfigurationIsVisible = 0;
			defaultConfigurationName = Release;
		};
		EB87AF2520541BF7001CC60D /* Build configuration list for PBXNativeTarget "patterns-test" */ = {
			isa = XCConfigurationList;
			buildConfigurations = (
				EB87AF2620541BF7001CC60D /* Debug */,
				EB87AF2720541BF7001CC60D /* Release */,
			);
			defaultConfigurationIsVisible = 0;
			defaultConfigurationName = Release;
		};
		EB87AF3C20542338001CC60D /* Build configuration list for PBXNativeTarget "proxy-pattern" */ = {
			isa = XCConfigurationList;
			buildConfigurations = (
				EB87AF3D20542338001CC60D /* Debug */,
				EB87AF3E20542338001CC60D /* Release */,
			);
			defaultConfigurationIsVisible = 0;
			defaultConfigurationName = Release;
		};
		EB87AF4F205428B2001CC60D /* Build configuration list for PBXNativeTarget "Observer" */ = {
			isa = XCConfigurationList;
			buildConfigurations = (
				EB87AF50205428B2001CC60D /* Debug */,
				EB87AF51205428B2001CC60D /* Release */,
			);
			defaultConfigurationIsVisible = 0;
			defaultConfigurationName = Release;
		};
		EB87AF5A20542900001CC60D /* Build configuration list for PBXNativeTarget "observer-pattern" */ = {
			isa = XCConfigurationList;
			buildConfigurations = (
				EB87AF5B20542900001CC60D /* Debug */,
				EB87AF5C20542900001CC60D /* Release */,
			);
			defaultConfigurationIsVisible = 0;
			defaultConfigurationName = Release;
		};
/* End XCConfigurationList section */
	};
	rootObject = EB87AF0A20541BE2001CC60D /* Project object */;
}
